
Microsoft Visual Studio Solution File, Format Version 12.00
# Visual Studio Version 16
VisualStudioVersion = 16.0.30804.86
MinimumVisualStudioVersion = 10.0.40219.1
Project("{9A19103F-16F7-4668-BE54-9A1E7A4F7556}") = "HelloWorld", "HelloWorld\HelloWorld.csproj", "{FE0F8E3E-212F-42AA-B070-7720E0E39550}"
EndProject
Project("{9A19103F-16F7-4668-BE54-9A1E7A4F7556}") = "HelloWorld.Tests", "HelloWorld.Tests\HelloWorld.Tests.csproj", "{8DAB77AE-86B2-4FAB-946A-1C545E036FB2}"
EndProject
Global
	GlobalSection(SolutionConfigurationPlatforms) = preSolution
		Debug|Any CPU = Debug|Any CPU
		Release|Any CPU = Release|Any CPU
	EndGlobalSection
	GlobalSection(ProjectConfigurationPlatforms) = postSolution
		{FE0F8E3E-212F-42AA-B070-7720E0E39550}.Debug|Any CPU.ActiveCfg = Debug|Any CPU
		{FE0F8E3E-212F-42AA-B070-7720E0E39550}.Debug|Any CPU.Build.0 = Debug|Any CPU
		{FE0F8E3E-212F-42AA-B070-7720E0E39550}.Release|Any CPU.ActiveCfg = Release|Any CPU
		{FE0F8E3E-212F-42AA-B070-7720E0E39550}.Release|Any CPU.Build.0 = Release|Any CPU
		{8DAB77AE-86B2-4FAB-946A-1C545E036FB2}.Debug|Any CPU.ActiveCfg = Debug|Any CPU
		{8DAB77AE-86B2-4FAB-946A-1C545E036FB2}.Debug|Any CPU.Build.0 = Debug|Any CPU
		{8DAB77AE-86B2-4FAB-946A-1C545E036FB2}.Release|Any CPU.ActiveCfg = Release|Any CPU
		{8DAB77AE-86B2-4FAB-946A-1C545E036FB2}.Release|Any CPU.Build.0 = Release|Any CPU
	EndGlobalSection
	GlobalSection(SolutionProperties) = preSolution
		HideSolutionNode = FALSE
	EndGlobalSection
	GlobalSection(ExtensibilityGlobals) = postSolution
		SolutionGuid = {55148D5C-105E-4E0C-A6F6-4AB6C117D504}
	EndGlobalSection
EndGlobal
